// !$*UTF8*$!
{
	archiveVersion = 1;
	classes = {
	};
	objectVersion = 56;
	objects = {

/* Begin PBXBuildFile section */
		09B28ECC2B40641000C38887 /* AppDelegate.swift in Sources */ = {isa = PBXBuildFile; fileRef = 09B28ECB2B40641000C38887 /* AppDelegate.swift */; };
		09B28ECE2B40641000C38887 /* SceneDelegate.swift in Sources */ = {isa = PBXBuildFile; fileRef = 09B28ECD2B40641000C38887 /* SceneDelegate.swift */; };
		09B28ED02B40641000C38887 /* MainTabBarViewController.swift in Sources */ = {isa = PBXBuildFile; fileRef = 09B28ECF2B40641000C38887 /* MainTabBarViewController.swift */; };
		09B28ED52B40641100C38887 /* Assets.xcassets in Resources */ = {isa = PBXBuildFile; fileRef = 09B28ED42B40641100C38887 /* Assets.xcassets */; };
		09B28ED82B40641100C38887 /* LaunchScreen.storyboard in Resources */ = {isa = PBXBuildFile; fileRef = 09B28ED62B40641100C38887 /* LaunchScreen.storyboard */; };
		09B28EE12B40666200C38887 /* HomeViewController.swift in Sources */ = {isa = PBXBuildFile; fileRef = 09B28EE02B40666200C38887 /* HomeViewController.swift */; };
		09B28EE32B40668B00C38887 /* UpcomingViewController.swift in Sources */ = {isa = PBXBuildFile; fileRef = 09B28EE22B40668B00C38887 /* UpcomingViewController.swift */; };
		09B28EE52B4067BA00C38887 /* SearchViewController.swift in Sources */ = {isa = PBXBuildFile; fileRef = 09B28EE42B4067BA00C38887 /* SearchViewController.swift */; };
		09B28EE72B4067D900C38887 /* DownloadViewController.swift in Sources */ = {isa = PBXBuildFile; fileRef = 09B28EE62B4067D900C38887 /* DownloadViewController.swift */; };
		09B28EEE2B406E7000C38887 /* CollectionViewTableViewCell.swift in Sources */ = {isa = PBXBuildFile; fileRef = 09B28EED2B406E7000C38887 /* CollectionViewTableViewCell.swift */; };
		09B28EF02B4073F000C38887 /* HeroHeaderUIView.swift in Sources */ = {isa = PBXBuildFile; fileRef = 09B28EEF2B4073F000C38887 /* HeroHeaderUIView.swift */; };
		09D2A9762B42C702004C41AF /* APICaller.swift in Sources */ = {isa = PBXBuildFile; fileRef = 09D2A9752B42C702004C41AF /* APICaller.swift */; };
		09D2A9782B42CFF9004C41AF /* Movie.swift in Sources */ = {isa = PBXBuildFile; fileRef = 09D2A9772B42CFF9004C41AF /* Movie.swift */; };
		09D2A97A2B42DDBA004C41AF /* Extensions.swift in Sources */ = {isa = PBXBuildFile; fileRef = 09D2A9792B42DDBA004C41AF /* Extensions.swift */; };
/* End PBXBuildFile section */

/* Begin PBXFileReference section */
		09B28EC82B40641000C38887 /* NetflixClone.app */ = {isa = PBXFileReference; explicitFileType = wrapper.application; includeInIndex = 0; path = NetflixClone.app; sourceTree = BUILT_PRODUCTS_DIR; };
		09B28ECB2B40641000C38887 /* AppDelegate.swift */ = {isa = PBXFileReference; lastKnownFileType = sourcecode.swift; path = AppDelegate.swift; sourceTree = "<group>"; };
		09B28ECD2B40641000C38887 /* SceneDelegate.swift */ = {isa = PBXFileReference; lastKnownFileType = sourcecode.swift; path = SceneDelegate.swift; sourceTree = "<group>"; };
		09B28ECF2B40641000C38887 /* MainTabBarViewController.swift */ = {isa = PBXFileReference; lastKnownFileType = sourcecode.swift; path = MainTabBarViewController.swift; sourceTree = "<group>"; };
		09B28ED42B40641100C38887 /* Assets.xcassets */ = {isa = PBXFileReference; lastKnownFileType = folder.assetcatalog; path = Assets.xcassets; sourceTree = "<group>"; };
		09B28ED72B40641100C38887 /* Base */ = {isa = PBXFileReference; lastKnownFileType = file.storyboard; name = Base; path = Base.lproj/LaunchScreen.storyboard; sourceTree = "<group>"; };
		09B28ED92B40641100C38887 /* Info.plist */ = {isa = PBXFileReference; lastKnownFileType = text.plist.xml; path = Info.plist; sourceTree = "<group>"; };
		09B28EE02B40666200C38887 /* HomeViewController.swift */ = {isa = PBXFileReference; lastKnownFileType = sourcecode.swift; path = HomeViewController.swift; sourceTree = "<group>"; };
		09B28EE22B40668B00C38887 /* UpcomingViewController.swift */ = {isa = PBXFileReference; lastKnownFileType = sourcecode.swift; path = UpcomingViewController.swift; sourceTree = "<group>"; };
		09B28EE42B4067BA00C38887 /* SearchViewController.swift */ = {isa = PBXFileReference; lastKnownFileType = sourcecode.swift; path = SearchViewController.swift; sourceTree = "<group>"; };
		09B28EE62B4067D900C38887 /* DownloadViewController.swift */ = {isa = PBXFileReference; lastKnownFileType = sourcecode.swift; path = DownloadViewController.swift; sourceTree = "<group>"; };
		09B28EED2B406E7000C38887 /* CollectionViewTableViewCell.swift */ = {isa = PBXFileReference; lastKnownFileType = sourcecode.swift; path = CollectionViewTableViewCell.swift; sourceTree = "<group>"; };
		09B28EEF2B4073F000C38887 /* HeroHeaderUIView.swift */ = {isa = PBXFileReference; lastKnownFileType = sourcecode.swift; path = HeroHeaderUIView.swift; sourceTree = "<group>"; };
		09D2A9752B42C702004C41AF /* APICaller.swift */ = {isa = PBXFileReference; lastKnownFileType = sourcecode.swift; path = APICaller.swift; sourceTree = "<group>"; };
		09D2A9772B42CFF9004C41AF /* Movie.swift */ = {isa = PBXFileReference; lastKnownFileType = sourcecode.swift; path = Movie.swift; sourceTree = "<group>"; };
		09D2A9792B42DDBA004C41AF /* Extensions.swift */ = {isa = PBXFileReference; lastKnownFileType = sourcecode.swift; path = Extensions.swift; sourceTree = "<group>"; };
/* End PBXFileReference section */

/* Begin PBXFrameworksBuildPhase section */
		09B28EC52B40641000C38887 /* Frameworks */ = {
			isa = PBXFrameworksBuildPhase;
			buildActionMask = 2147483647;
			files = (
			);
			runOnlyForDeploymentPostprocessing = 0;
		};
/* End PBXFrameworksBuildPhase section */

/* Begin PBXGroup section */
		09B28EBF2B40641000C38887 = {
			isa = PBXGroup;
			children = (
				09B28ECA2B40641000C38887 /* NetflixClone */,
				09B28EC92B40641000C38887 /* Products */,
			);
			sourceTree = "<group>";
		};
		09B28EC92B40641000C38887 /* Products */ = {
			isa = PBXGroup;
			children = (
				09B28EC82B40641000C38887 /* NetflixClone.app */,
			);
			name = Products;
			sourceTree = "<group>";
		};
		09B28ECA2B40641000C38887 /* NetflixClone */ = {
			isa = PBXGroup;
			children = (
				09B28EEC2B406E2400C38887 /* Managers */,
				09B28EEB2B406E1A00C38887 /* Resources */,
				09B28EEA2B406DFF00C38887 /* Models */,
				09B28EE82B406DEC00C38887 /* Views */,
				09B28EE92B406DF400C38887 /* ViewModels */,
				09B28EDF2B40661F00C38887 /* Controllers */,
				09B28ECB2B40641000C38887 /* AppDelegate.swift */,
				09B28ECD2B40641000C38887 /* SceneDelegate.swift */,
				09B28ECF2B40641000C38887 /* MainTabBarViewController.swift */,
				09B28ED42B40641100C38887 /* Assets.xcassets */,
				09B28ED62B40641100C38887 /* LaunchScreen.storyboard */,
				09B28ED92B40641100C38887 /* Info.plist */,
			);
			path = NetflixClone;
			sourceTree = "<group>";
		};
		09B28EDF2B40661F00C38887 /* Controllers */ = {
			isa = PBXGroup;
			children = (
				09B28EE02B40666200C38887 /* HomeViewController.swift */,
				09B28EE22B40668B00C38887 /* UpcomingViewController.swift */,
				09B28EE42B4067BA00C38887 /* SearchViewController.swift */,
				09B28EE62B4067D900C38887 /* DownloadViewController.swift */,
			);
			path = Controllers;
			sourceTree = "<group>";
		};
		09B28EE82B406DEC00C38887 /* Views */ = {
			isa = PBXGroup;
			children = (
				09B28EED2B406E7000C38887 /* CollectionViewTableViewCell.swift */,
				09B28EEF2B4073F000C38887 /* HeroHeaderUIView.swift */,
			);
			path = Views;
			sourceTree = "<group>";
		};
		09B28EE92B406DF400C38887 /* ViewModels */ = {
			isa = PBXGroup;
			children = (
			);
			path = ViewModels;
			sourceTree = "<group>";
		};
		09B28EEA2B406DFF00C38887 /* Models */ = {
			isa = PBXGroup;
			children = (
				09D2A9772B42CFF9004C41AF /* Movie.swift */,
			);
			path = Models;
			sourceTree = "<group>";
		};
		09B28EEB2B406E1A00C38887 /* Resources */ = {
			isa = PBXGroup;
			children = (
				09D2A9792B42DDBA004C41AF /* Extensions.swift */,
			);
			path = Resources;
			sourceTree = "<group>";
		};
		09B28EEC2B406E2400C38887 /* Managers */ = {
			isa = PBXGroup;
			children = (
				09D2A9752B42C702004C41AF /* APICaller.swift */,
			);
			path = Managers;
			sourceTree = "<group>";
		};
/* End PBXGroup section */

/* Begin PBXNativeTarget section */
		09B28EC72B40641000C38887 /* NetflixClone */ = {
			isa = PBXNativeTarget;
			buildConfigurationList = 09B28EDC2B40641100C38887 /* Build configuration list for PBXNativeTarget "NetflixClone" */;
			buildPhases = (
				09B28EC42B40641000C38887 /* Sources */,
				09B28EC52B40641000C38887 /* Frameworks */,
				09B28EC62B40641000C38887 /* Resources */,
			);
			buildRules = (
			);
			dependencies = (
			);
			name = NetflixClone;
			productName = NetflixClone;
			productReference = 09B28EC82B40641000C38887 /* NetflixClone.app */;
			productType = "com.apple.product-type.application";
		};
/* End PBXNativeTarget section */

/* Begin PBXProject section */
		09B28EC02B40641000C38887 /* Project object */ = {
			isa = PBXProject;
			attributes = {
				BuildIndependentTargetsInParallel = 1;
				LastSwiftUpdateCheck = 1510;
				LastUpgradeCheck = 1510;
				TargetAttributes = {
					09B28EC72B40641000C38887 = {
						CreatedOnToolsVersion = 15.1;
					};
				};
			};
			buildConfigurationList = 09B28EC32B40641000C38887 /* Build configuration list for PBXProject "NetflixClone" */;
			compatibilityVersion = "Xcode 14.0";
			developmentRegion = en;
			hasScannedForEncodings = 0;
			knownRegions = (
				en,
				Base,
			);
			mainGroup = 09B28EBF2B40641000C38887;
			productRefGroup = 09B28EC92B40641000C38887 /* Products */;
			projectDirPath = "";
			projectRoot = "";
			targets = (
				09B28EC72B40641000C38887 /* NetflixClone */,
			);
		};
/* End PBXProject section */

/* Begin PBXResourcesBuildPhase section */
		09B28EC62B40641000C38887 /* Resources */ = {
			isa = PBXResourcesBuildPhase;
			buildActionMask = 2147483647;
			files = (
				09B28ED82B40641100C38887 /* LaunchScreen.storyboard in Resources */,
				09B28ED52B40641100C38887 /* Assets.xcassets in Resources */,
			);
			runOnlyForDeploymentPostprocessing = 0;
		};
/* End PBXResourcesBuildPhase section */

/* Begin PBXSourcesBuildPhase section */
		09B28EC42B40641000C38887 /* Sources */ = {
			isa = PBXSourcesBuildPhase;
			buildActionMask = 2147483647;
			files = (
				09B28EE52B4067BA00C38887 /* SearchViewController.swift in Sources */,
				09B28ED02B40641000C38887 /* MainTabBarViewController.swift in Sources */,
				09B28EEE2B406E7000C38887 /* CollectionViewTableViewCell.swift in Sources */,
				09D2A9762B42C702004C41AF /* APICaller.swift in Sources */,
				09B28EF02B4073F000C38887 /* HeroHeaderUIView.swift in Sources */,
				09B28ECC2B40641000C38887 /* AppDelegate.swift in Sources */,
				09B28EE72B4067D900C38887 /* DownloadViewController.swift in Sources */,
				09D2A97A2B42DDBA004C41AF /* Extensions.swift in Sources */,
				09B28ECE2B40641000C38887 /* SceneDelegate.swift in Sources */,
				09B28EE32B40668B00C38887 /* UpcomingViewController.swift in Sources */,
				09D2A9782B42CFF9004C41AF /* Movie.swift in Sources */,
				09B28EE12B40666200C38887 /* HomeViewController.swift in Sources */,
			);
			runOnlyForDeploymentPostprocessing = 0;
		};
/* End PBXSourcesBuildPhase section */

/* Begin PBXVariantGroup section */
		09B28ED62B40641100C38887 /* LaunchScreen.storyboard */ = {
			isa = PBXVariantGroup;
			children = (
				09B28ED72B40641100C38887 /* Base */,
			);
			name = LaunchScreen.storyboard;
			sourceTree = "<group>";
		};
/* End PBXVariantGroup section */

/* Begin XCBuildConfiguration section */
		09B28EDA2B40641100C38887 /* Debug */ = {
			isa = XCBuildConfiguration;
			buildSettings = {
				ALWAYS_SEARCH_USER_PATHS = NO;
				ASSETCATALOG_COMPILER_GENERATE_SWIFT_ASSET_SYMBOL_EXTENSIONS = YES;
				CLANG_ANALYZER_NONNULL = YES;
				CLANG_ANALYZER_NUMBER_OBJECT_CONVERSION = YES_AGGRESSIVE;
				CLANG_CXX_LANGUAGE_STANDARD = "gnu++20";
				CLANG_ENABLE_MODULES = YES;
				CLANG_ENABLE_OBJC_ARC = YES;
				CLANG_ENABLE_OBJC_WEAK = YES;
				CLANG_WARN_BLOCK_CAPTURE_AUTORELEASING = YES;
				CLANG_WARN_BOOL_CONVERSION = YES;
				CLANG_WARN_COMMA = YES;
				CLANG_WARN_CONSTANT_CONVERSION = YES;
				CLANG_WARN_DEPRECATED_OBJC_IMPLEMENTATIONS = YES;
				CLANG_WARN_DIRECT_OBJC_ISA_USAGE = YES_ERROR;
				CLANG_WARN_DOCUMENTATION_COMMENTS = YES;
				CLANG_WARN_EMPTY_BODY = YES;
				CLANG_WARN_ENUM_CONVERSION = YES;
				CLANG_WARN_INFINITE_RECURSION = YES;
				CLANG_WARN_INT_CONVERSION = YES;
				CLANG_WARN_NON_LITERAL_NULL_CONVERSION = YES;
				CLANG_WARN_OBJC_IMPLICIT_RETAIN_SELF = YES;
				CLANG_WARN_OBJC_LITERAL_CONVERSION = YES;
				CLANG_WARN_OBJC_ROOT_CLASS = YES_ERROR;
				CLANG_WARN_QUOTED_INCLUDE_IN_FRAMEWORK_HEADER = YES;
				CLANG_WARN_RANGE_LOOP_ANALYSIS = YES;
				CLANG_WARN_STRICT_PROTOTYPES = YES;
				CLANG_WARN_SUSPICIOUS_MOVE = YES;
				CLANG_WARN_UNGUARDED_AVAILABILITY = YES_AGGRESSIVE;
				CLANG_WARN_UNREACHABLE_CODE = YES;
				CLANG_WARN__DUPLICATE_METHOD_MATCH = YES;
				COPY_PHASE_STRIP = NO;
				DEBUG_INFORMATION_FORMAT = dwarf;
				ENABLE_STRICT_OBJC_MSGSEND = YES;
				ENABLE_TESTABILITY = YES;
				ENABLE_USER_SCRIPT_SANDBOXING = YES;
				GCC_C_LANGUAGE_STANDARD = gnu17;
				GCC_DYNAMIC_NO_PIC = NO;
				GCC_NO_COMMON_BLOCKS = YES;
				GCC_OPTIMIZATION_LEVEL = 0;
				GCC_PREPROCESSOR_DEFINITIONS = (
					"DEBUG=1",
					"$(inherited)",
				);
				GCC_WARN_64_TO_32_BIT_CONVERSION = YES;
				GCC_WARN_ABOUT_RETURN_TYPE = YES_ERROR;
				GCC_WARN_UNDECLARED_SELECTOR = YES;
				GCC_WARN_UNINITIALIZED_AUTOS = YES_AGGRESSIVE;
				GCC_WARN_UNUSED_FUNCTION = YES;
				GCC_WARN_UNUSED_VARIABLE = YES;
				IPHONEOS_DEPLOYMENT_TARGET = 17.2;
				LOCALIZATION_PREFERS_STRING_CATALOGS = YES;
				MTL_ENABLE_DEBUG_INFO = INCLUDE_SOURCE;
				MTL_FAST_MATH = YES;
				ONLY_ACTIVE_ARCH = YES;
				SDKROOT = iphoneos;
				SWIFT_ACTIVE_COMPILATION_CONDITIONS = "DEBUG $(inherited)";
				SWIFT_OPTIMIZATION_LEVEL = "-Onone";
			};
			name = Debug;
		};
		09B28EDB2B40641100C38887 /* Release */ = {
			isa = XCBuildConfiguration;
			buildSettings = {
				ALWAYS_SEARCH_USER_PATHS = NO;
				ASSETCATALOG_COMPILER_GENERATE_SWIFT_ASSET_SYMBOL_EXTENSIONS = YES;
				CLANG_ANALYZER_NONNULL = YES;
				CLANG_ANALYZER_NUMBER_OBJECT_CONVERSION = YES_AGGRESSIVE;
				CLANG_CXX_LANGUAGE_STANDARD = "gnu++20";
				CLANG_ENABLE_MODULES = YES;
				CLANG_ENABLE_OBJC_ARC = YES;
				CLANG_ENABLE_OBJC_WEAK = YES;
				CLANG_WARN_BLOCK_CAPTURE_AUTORELEASING = YES;
				CLANG_WARN_BOOL_CONVERSION = YES;
				CLANG_WARN_COMMA = YES;
				CLANG_WARN_CONSTANT_CONVERSION = YES;
				CLANG_WARN_DEPRECATED_OBJC_IMPLEMENTATIONS = YES;
				CLANG_WARN_DIRECT_OBJC_ISA_USAGE = YES_ERROR;
				CLANG_WARN_DOCUMENTATION_COMMENTS = YES;
				CLANG_WARN_EMPTY_BODY = YES;
				CLANG_WARN_ENUM_CONVERSION = YES;
				CLANG_WARN_INFINITE_RECURSION = YES;
				CLANG_WARN_INT_CONVERSION = YES;
				CLANG_WARN_NON_LITERAL_NULL_CONVERSION = YES;
				CLANG_WARN_OBJC_IMPLICIT_RETAIN_SELF = YES;
				CLANG_WARN_OBJC_LITERAL_CONVERSION = YES;
				CLANG_WARN_OBJC_ROOT_CLASS = YES_ERROR;
				CLANG_WARN_QUOTED_INCLUDE_IN_FRAMEWORK_HEADER = YES;
				CLANG_WARN_RANGE_LOOP_ANALYSIS = YES;
				CLANG_WARN_STRICT_PROTOTYPES = YES;
				CLANG_WARN_SUSPICIOUS_MOVE = YES;
				CLANG_WARN_UNGUARDED_AVAILABILITY = YES_AGGRESSIVE;
				CLANG_WARN_UNREACHABLE_CODE = YES;
				CLANG_WARN__DUPLICATE_METHOD_MATCH = YES;
				COPY_PHASE_STRIP = NO;
				DEBUG_INFORMATION_FORMAT = "dwarf-with-dsym";
				ENABLE_NS_ASSERTIONS = NO;
				ENABLE_STRICT_OBJC_MSGSEND = YES;
				ENABLE_USER_SCRIPT_SANDBOXING = YES;
				GCC_C_LANGUAGE_STANDARD = gnu17;
				GCC_NO_COMMON_BLOCKS = YES;
				GCC_WARN_64_TO_32_BIT_CONVERSION = YES;
				GCC_WARN_ABOUT_RETURN_TYPE = YES_ERROR;
				GCC_WARN_UNDECLARED_SELECTOR = YES;
				GCC_WARN_UNINITIALIZED_AUTOS = YES_AGGRESSIVE;
				GCC_WARN_UNUSED_FUNCTION = YES;
				GCC_WARN_UNUSED_VARIABLE = YES;
				IPHONEOS_DEPLOYMENT_TARGET = 17.2;
				LOCALIZATION_PREFERS_STRING_CATALOGS = YES;
				MTL_ENABLE_DEBUG_INFO = NO;
				MTL_FAST_MATH = YES;
				SDKROOT = iphoneos;
				SWIFT_COMPILATION_MODE = wholemodule;
				VALIDATE_PRODUCT = YES;
			};
			name = Release;
		};
		09B28EDD2B40641100C38887 /* Debug */ = {
			isa = XCBuildConfiguration;
			buildSettings = {
				ASSETCATALOG_COMPILER_APPICON_NAME = AppIcon;
				ASSETCATALOG_COMPILER_GLOBAL_ACCENT_COLOR_NAME = AccentColor;
				CODE_SIGN_STYLE = Automatic;
				CURRENT_PROJECT_VERSION = 1;
				GENERATE_INFOPLIST_FILE = YES;
				INFOPLIST_FILE = NetflixClone/Info.plist;
				INFOPLIST_KEY_UIApplicationSupportsIndirectInputEvents = YES;
				INFOPLIST_KEY_UILaunchStoryboardName = LaunchScreen;
				INFOPLIST_KEY_UISupportedInterfaceOrientations_iPad = "UIInterfaceOrientationPortrait UIInterfaceOrientationPortraitUpsideDown UIInterfaceOrientationLandscapeLeft UIInterfaceOrientationLandscapeRight";
				INFOPLIST_KEY_UISupportedInterfaceOrientations_iPhone = "UIInterfaceOrientationPortrait UIInterfaceOrientationLandscapeLeft UIInterfaceOrientationLandscapeRight";
				IPHONEOS_DEPLOYMENT_TARGET = 16.0;
				LD_RUNPATH_SEARCH_PATHS = (
					"$(inherited)",
					"@executable_path/Frameworks",
				);
				MARKETING_VERSION = 1.0;
				PRODUCT_BUNDLE_IDENTIFIER = com.jyotismita.NetflixClone;
				PRODUCT_NAME = "$(TARGET_NAME)";
				SWIFT_EMIT_LOC_STRINGS = YES;
				SWIFT_VERSION = 5.0;
				TARGETED_DEVICE_FAMILY = "1,2";
			};
			name = Debug;
		};
		09B28EDE2B40641100C38887 /* Release */ = {
			isa = XCBuildConfiguration;
			buildSettings = {
				ASSETCATALOG_COMPILER_APPICON_NAME = AppIcon;
				ASSETCATALOG_COMPILER_GLOBAL_ACCENT_COLOR_NAME = AccentColor;
				CODE_SIGN_STYLE = Automatic;
				CURRENT_PROJECT_VERSION = 1;
				GENERATE_INFOPLIST_FILE = YES;
				INFOPLIST_FILE = NetflixClone/Info.plist;
				INFOPLIST_KEY_UIApplicationSupportsIndirectInputEvents = YES;
				INFOPLIST_KEY_UILaunchStoryboardName = LaunchScreen;
				INFOPLIST_KEY_UISupportedInterfaceOrientations_iPad = "UIInterfaceOrientationPortrait UIInterfaceOrientationPortraitUpsideDown UIInterfaceOrientationLandscapeLeft UIInterfaceOrientationLandscapeRight";
				INFOPLIST_KEY_UISupportedInterfaceOrientations_iPhone = "UIInterfaceOrientationPortrait UIInterfaceOrientationLandscapeLeft UIInterfaceOrientationLandscapeRight";
				IPHONEOS_DEPLOYMENT_TARGET = 16.0;
				LD_RUNPATH_SEARCH_PATHS = (
					"$(inherited)",
					"@executable_path/Frameworks",
				);
				MARKETING_VERSION = 1.0;
				PRODUCT_BUNDLE_IDENTIFIER = com.jyotismita.NetflixClone;
				PRODUCT_NAME = "$(TARGET_NAME)";
				SWIFT_EMIT_LOC_STRINGS = YES;
				SWIFT_VERSION = 5.0;
				TARGETED_DEVICE_FAMILY = "1,2";
			};
			name = Release;
		};
/* End XCBuildConfiguration section */

/* Begin XCConfigurationList section */
		09B28EC32B40641000C38887 /* Build configuration list for PBXProject "NetflixClone" */ = {
			isa = XCConfigurationList;
			buildConfigurations = (
				09B28EDA2B40641100C38887 /* Debug */,
				09B28EDB2B40641100C38887 /* Release */,
			);
			defaultConfigurationIsVisible = 0;
			defaultConfigurationName = Release;
		};
		09B28EDC2B40641100C38887 /* Build configuration list for PBXNativeTarget "NetflixClone" */ = {
			isa = XCConfigurationList;
			buildConfigurations = (
				09B28EDD2B40641100C38887 /* Debug */,
				09B28EDE2B40641100C38887 /* Release */,
			);
			defaultConfigurationIsVisible = 0;
			defaultConfigurationName = Release;
		};
/* End XCConfigurationList section */
	};
	rootObject = 09B28EC02B40641000C38887 /* Project object */;
}
