{
  "pins" : [
    {
      "identity" : "sdwebimage",
      "kind" : "remoteSourceControl",
      "location" : "https://github.com/SDWebImage/SDWebImage",
      "state" : {
        "branch" : "master",
        "revision" : "fd010e54231331fc19338f81c6d072cd9ace2825"
      }
    }
  ],
  "version" : 2
}
